
Microsoft Visual Studio Solution File, Format Version 12.00
# Visual Studio Version 16
VisualStudioVersion = 16.0.31624.102
MinimumVisualStudioVersion = 10.0.40219.1
Project("{FAE04EC0-301F-11D3-BF4B-00C04F79EFBC}") = "DirectoriesAndFiles", "DirectoriesAndFiles\DirectoriesAndFiles.csproj", "{6B20412C-C9F0-47B0-926D-97D6D579C8FE}"
EndProject
Project("{FAE04EC0-301F-11D3-BF4B-00C04F79EFBC}") = "WishList", "WishList\WishList.csproj", "{689F3E0E-6285-4460-A1C2-BE94518F45B7}"
EndProject
Project("{FAE04EC0-301F-11D3-BF4B-00C04F79EFBC}") = "MyWishListFile", "MyWishListFile\MyWishListFile.csproj", "{AFD20253-97BB-492B-8D5B-F7400E76BEE5}"
EndProject
Global
	GlobalSection(SolutionConfigurationPlatforms) = preSolution
		Debug|Any CPU = Debug|Any CPU
		Release|Any CPU = Release|Any CPU
	EndGlobalSection
	GlobalSection(ProjectConfigurationPlatforms) = postSolution
		{6B20412C-C9F0-47B0-926D-97D6D579C8FE}.Debug|Any CPU.ActiveCfg = Debug|Any CPU
		{6B20412C-C9F0-47B0-926D-97D6D579C8FE}.Debug|Any CPU.Build.0 = Debug|Any CPU
		{6B20412C-C9F0-47B0-926D-97D6D579C8FE}.Release|Any CPU.ActiveCfg = Release|Any CPU
		{6B20412C-C9F0-47B0-926D-97D6D579C8FE}.Release|Any CPU.Build.0 = Release|Any CPU
		{689F3E0E-6285-4460-A1C2-BE94518F45B7}.Debug|Any CPU.ActiveCfg = Debug|Any CPU
		{689F3E0E-6285-4460-A1C2-BE94518F45B7}.Debug|Any CPU.Build.0 = Debug|Any CPU
		{689F3E0E-6285-4460-A1C2-BE94518F45B7}.Release|Any CPU.ActiveCfg = Release|Any CPU
		{689F3E0E-6285-4460-A1C2-BE94518F45B7}.Release|Any CPU.Build.0 = Release|Any CPU
		{AFD20253-97BB-492B-8D5B-F7400E76BEE5}.Debug|Any CPU.ActiveCfg = Debug|Any CPU
		{AFD20253-97BB-492B-8D5B-F7400E76BEE5}.Debug|Any CPU.Build.0 = Debug|Any CPU
		{AFD20253-97BB-492B-8D5B-F7400E76BEE5}.Release|Any CPU.ActiveCfg = Release|Any CPU
		{AFD20253-97BB-492B-8D5B-F7400E76BEE5}.Release|Any CPU.Build.0 = Release|Any CPU
	EndGlobalSection
	GlobalSection(SolutionProperties) = preSolution
		HideSolutionNode = FALSE
	EndGlobalSection
	GlobalSection(ExtensibilityGlobals) = postSolution
		SolutionGuid = {7373E637-252F-4B86-BBA1-AD0C1D0A46CF}
	EndGlobalSection
EndGlobal
